{
  "lockfileVersion": 1,
  "configVersion": 1,
  "workspaces": {
    "": {
      "name": "self-hosted-example",
      "dependencies": {
        "@jadujoel/web-audio-clip-node": "^0.1.1",
      },
    },
  },
  "packages": {
    "@jadujoel/web-audio-clip-node": ["@jadujoel/web-audio-clip-node@0.1.4", "", { "peerDependencies": { "react": ">=18", "react-dom": ">=18", "zustand": ">=4" }, "optionalPeers": ["react", "react-dom", "zustand"] }, "sha512-mQhckPRRz6fOUdqJbBatyWyhEo0zOKTaKHt5KltxF+F0o4iq7GcLhlR/iv/Qu/qn0rH+9eOlNxypDF6gG5su/w=="],
  }
}
